
Microsoft Visual Studio Solution File, Format Version 12.00
# Visual Studio Version 16
VisualStudioVersion = 16.0.30717.126
MinimumVisualStudioVersion = 10.0.40219.1
Project("{FAE04EC0-301F-11D3-BF4B-00C04F79EFBC}") = "Mirza_Lorena_Lab5", "Mirza_Lorena_Lab5\Mirza_Lorena_Lab5.csproj", "{2A8770C9-A1C1-4359-83A5-B946C4C31904}"
EndProject
Global
	GlobalSection(SolutionConfigurationPlatforms) = preSolution
		Debug|Any CPU = Debug|Any CPU
		Release|Any CPU = Release|Any CPU
	EndGlobalSection
	GlobalSection(ProjectConfigurationPlatforms) = postSolution
		{2A8770C9-A1C1-4359-83A5-B946C4C31904}.Debug|Any CPU.ActiveCfg = Debug|Any CPU
		{2A8770C9-A1C1-4359-83A5-B946C4C31904}.Debug|Any CPU.Build.0 = Debug|Any CPU
		{2A8770C9-A1C1-4359-83A5-B946C4C31904}.Release|Any CPU.ActiveCfg = Release|Any CPU
		{2A8770C9-A1C1-4359-83A5-B946C4C31904}.Release|Any CPU.Build.0 = Release|Any CPU
	EndGlobalSection
	GlobalSection(SolutionProperties) = preSolution
		HideSolutionNode = FALSE
	EndGlobalSection
	GlobalSection(ExtensibilityGlobals) = postSolution
		SolutionGuid = {2548C175-F187-4868-AB47-AB6BF4043F20}
	EndGlobalSection
EndGlobal
